
Microsoft Visual Studio Solution File, Format Version 12.00
# Visual Studio 2013
VisualStudioVersion = 12.0.21005.1
MinimumVisualStudioVersion = 10.0.40219.1
Project("{FAE04EC0-301F-11D3-BF4B-00C04F79EFBC}") = "SampleTweetApp.MVC", "SampleTweetApp\SampleTweetApp.MVC.csproj", "{942C5E5B-5C88-4391-98C7-30DD4124FE9D}"
EndProject
Project("{FAE04EC0-301F-11D3-BF4B-00C04F79EFBC}") = "SampleTweetApp.Domain", "SampleTweetApp.Domain\SampleTweetApp.Domain.csproj", "{B76AF478-A646-49A5-BBE0-0D67BFE49EB9}"
EndProject
Global
	GlobalSection(SolutionConfigurationPlatforms) = preSolution
		Debug|Any CPU = Debug|Any CPU
		Release|Any CPU = Release|Any CPU
	EndGlobalSection
	GlobalSection(ProjectConfigurationPlatforms) = postSolution
		{942C5E5B-5C88-4391-98C7-30DD4124FE9D}.Debug|Any CPU.ActiveCfg = Debug|Any CPU
		{942C5E5B-5C88-4391-98C7-30DD4124FE9D}.Debug|Any CPU.Build.0 = Debug|Any CPU
		{942C5E5B-5C88-4391-98C7-30DD4124FE9D}.Release|Any CPU.ActiveCfg = Release|Any CPU
		{942C5E5B-5C88-4391-98C7-30DD4124FE9D}.Release|Any CPU.Build.0 = Release|Any CPU
		{B76AF478-A646-49A5-BBE0-0D67BFE49EB9}.Debug|Any CPU.ActiveCfg = Debug|Any CPU
		{B76AF478-A646-49A5-BBE0-0D67BFE49EB9}.Debug|Any CPU.Build.0 = Debug|Any CPU
		{B76AF478-A646-49A5-BBE0-0D67BFE49EB9}.Release|Any CPU.ActiveCfg = Release|Any CPU
		{B76AF478-A646-49A5-BBE0-0D67BFE49EB9}.Release|Any CPU.Build.0 = Release|Any CPU
	EndGlobalSection
	GlobalSection(SolutionProperties) = preSolution
		HideSolutionNode = FALSE
	EndGlobalSection
EndGlobal
